
Microsoft Visual Studio Solution File, Format Version 12.00
# Visual Studio Version 17
VisualStudioVersion = 17.5.002.0
MinimumVisualStudioVersion = 10.0.40219.1
Project("{9A19103F-16F7-4668-BE54-9A1E7A4F7556}") = "other-lang-image-converter", "other-lang-image-converter.csproj", "{A602F8A4-914E-4FF1-90EE-4580EA928380}"
EndProject
Global
	GlobalSection(SolutionConfigurationPlatforms) = preSolution
		Debug|Any CPU = Debug|Any CPU
		Release|Any CPU = Release|Any CPU
	EndGlobalSection
	GlobalSection(ProjectConfigurationPlatforms) = postSolution
		{A602F8A4-914E-4FF1-90EE-4580EA928380}.Debug|Any CPU.ActiveCfg = Debug|Any CPU
		{A602F8A4-914E-4FF1-90EE-4580EA928380}.Debug|Any CPU.Build.0 = Debug|Any CPU
		{A602F8A4-914E-4FF1-90EE-4580EA928380}.Release|Any CPU.ActiveCfg = Release|Any CPU
		{A602F8A4-914E-4FF1-90EE-4580EA928380}.Release|Any CPU.Build.0 = Release|Any CPU
	EndGlobalSection
	GlobalSection(SolutionProperties) = preSolution
		HideSolutionNode = FALSE
	EndGlobalSection
	GlobalSection(ExtensibilityGlobals) = postSolution
		SolutionGuid = {E740DE59-A512-440A-A168-BA651A2EFFB9}
	EndGlobalSection
EndGlobal
